Microsoft Visual Studio Solution File, Format Version 12.00
# Visual Studio Version 17
VisualStudioVersion = 17.5.2.0
MinimumVisualStudioVersion = 10.0.40219.1
Project("{FAE04EC0-301F-11D3-BF4B-00C04F79EFBC}") = "MyLibrary9", "..\Library9\MyLibrary9.csproj", "{16BB0E82-3295-EF16-B2E4-F5588F4F8BAB}"
EndProject
Project("{FAE04EC0-301F-11D3-BF4B-00C04F79EFBC}") = "ABC259B", "ABC259B\ABC259B.csproj", "{206AB8A8-EDC8-ADBE-69A4-8D924F18D00E}"
EndProject
Global
	GlobalSection(SolutionConfigurationPlatforms) = preSolution
		Debug|Any CPU = Debug|Any CPU
		Release|Any CPU = Release|Any CPU
	EndGlobalSection
	GlobalSection(ProjectConfigurationPlatforms) = postSolution
		{16BB0E82-3295-EF16-B2E4-F5588F4F8BAB}.Debug|Any CPU.ActiveCfg = Debug|Any CPU
		{16BB0E82-3295-EF16-B2E4-F5588F4F8BAB}.Debug|Any CPU.Build.0 = Debug|Any CPU
		{16BB0E82-3295-EF16-B2E4-F5588F4F8BAB}.Release|Any CPU.ActiveCfg = Release|Any CPU
		{16BB0E82-3295-EF16-B2E4-F5588F4F8BAB}.Release|Any CPU.Build.0 = Release|Any CPU
		{206AB8A8-EDC8-ADBE-69A4-8D924F18D00E}.Debug|Any CPU.ActiveCfg = Debug|Any CPU
		{206AB8A8-EDC8-ADBE-69A4-8D924F18D00E}.Debug|Any CPU.Build.0 = Debug|Any CPU
		{206AB8A8-EDC8-ADBE-69A4-8D924F18D00E}.Release|Any CPU.ActiveCfg = Release|Any CPU
		{206AB8A8-EDC8-ADBE-69A4-8D924F18D00E}.Release|Any CPU.Build.0 = Release|Any CPU
	EndGlobalSection
	GlobalSection(SolutionProperties) = preSolution
		HideSolutionNode = FALSE
	EndGlobalSection
	GlobalSection(ExtensibilityGlobals) = postSolution
		SolutionGuid = {E1B439D4-F733-4F42-B3FE-D6E387B250A7}
	EndGlobalSection
EndGlobal
