Microsoft Visual Studio Solution File, Format Version 12.00
# Visual Studio Version 17
VisualStudioVersion = 17.5.2.0
MinimumVisualStudioVersion = 10.0.40219.1
Project("{9A19103F-16F7-4668-BE54-9A1E7A4F7556}") = "Library.Test", "Library.Test.csproj", "{4B5E9634-94EC-3BDF-10CC-5812FDE63F00}"
EndProject
Project("{9A19103F-16F7-4668-BE54-9A1E7A4F7556}") = "MyLibrary", "..\Library\MyLibrary.csproj", "{534A9F38-51EA-421B-8662-4216B3AE8015}"
EndProject
Global
	GlobalSection(SolutionConfigurationPlatforms) = preSolution
		Debug|Any CPU = Debug|Any CPU
		Release|Any CPU = Release|Any CPU
	EndGlobalSection
	GlobalSection(ProjectConfigurationPlatforms) = postSolution
		{4B5E9634-94EC-3BDF-10CC-5812FDE63F00}.Debug|Any CPU.ActiveCfg = Debug|Any CPU
		{4B5E9634-94EC-3BDF-10CC-5812FDE63F00}.Debug|Any CPU.Build.0 = Debug|Any CPU
		{4B5E9634-94EC-3BDF-10CC-5812FDE63F00}.Release|Any CPU.ActiveCfg = Release|Any CPU
		{4B5E9634-94EC-3BDF-10CC-5812FDE63F00}.Release|Any CPU.Build.0 = Release|Any CPU
		{534A9F38-51EA-421B-8662-4216B3AE8015}.Debug|Any CPU.ActiveCfg = Debug|Any CPU
		{534A9F38-51EA-421B-8662-4216B3AE8015}.Debug|Any CPU.Build.0 = Debug|Any CPU
		{534A9F38-51EA-421B-8662-4216B3AE8015}.Release|Any CPU.ActiveCfg = Release|Any CPU
		{534A9F38-51EA-421B-8662-4216B3AE8015}.Release|Any CPU.Build.0 = Release|Any CPU
	EndGlobalSection
	GlobalSection(SolutionProperties) = preSolution
		HideSolutionNode = FALSE
	EndGlobalSection
	GlobalSection(ExtensibilityGlobals) = postSolution
		SolutionGuid = {D051BCA3-0C03-4D07-B821-262682E2EDBE}
	EndGlobalSection
EndGlobal
