Microsoft Visual Studio Solution File, Format Version 12.00
# Visual Studio Version 17
VisualStudioVersion = 17.5.2.0
MinimumVisualStudioVersion = 10.0.40219.1
Project("{9A19103F-16F7-4668-BE54-9A1E7A4F7556}") = "MyLibrary", "..\Library\MyLibrary.csproj", "{39FA2AD6-166F-4DAF-BC78-22BBBCA4885D}"
EndProject
Project("{9A19103F-16F7-4668-BE54-9A1E7A4F7556}") = "TK061", "TK061\TK061.csproj", "{0BD3787F-2775-414B-A97F-0E58FD863FA4}"
EndProject
Project("{9A19103F-16F7-4668-BE54-9A1E7A4F7556}") = "TK024", "TK024\TK024.csproj", "{E2F2DA23-A086-4F46-9F50-EB97E191BE27}"
EndProject
Project("{9A19103F-16F7-4668-BE54-9A1E7A4F7556}") = "TK002", "TK002\TK002.csproj", "{4B315EF9-7FD7-4B6A-91EA-C997636D3274}"
EndProject
Project("{9A19103F-16F7-4668-BE54-9A1E7A4F7556}") = "TK004", "TK004\TK004.csproj", "{2035A7BC-27BE-4BE0-8D53-B4EF38152961}"
EndProject
Project("{9A19103F-16F7-4668-BE54-9A1E7A4F7556}") = "TK038", "TK038\TK038.csproj", "{4CB0737D-DEA6-40E1-A1E9-5DC44A6D538F}"
EndProject
Project("{9A19103F-16F7-4668-BE54-9A1E7A4F7556}") = "TK027", "TK027\TK027.csproj", "{A9762B5E-44B7-47FF-B2FC-FC856E0BFA5C}"
EndProject
Project("{FAE04EC0-301F-11D3-BF4B-00C04F79EFBC}") = "TK042", "TK042\TK042.csproj", "{4C6162D3-828E-1590-0052-81608BF86E1C}"
EndProject
Project("{FAE04EC0-301F-11D3-BF4B-00C04F79EFBC}") = "TK078", "TK078\TK078.csproj", "{7A5ECB0D-5FB3-3E9A-8F0D-8476BDEC9169}"
EndProject
Project("{FAE04EC0-301F-11D3-BF4B-00C04F79EFBC}") = "TK055", "TK055\TK055.csproj", "{D890A5C4-8DC8-0E72-2AB6-7A832953C036}"
EndProject
Project("{FAE04EC0-301F-11D3-BF4B-00C04F79EFBC}") = "TK067", "TK067\TK067.csproj", "{C04F1CA7-2359-BB8D-C0CF-59568ED6C4A7}"
EndProject
Project("{FAE04EC0-301F-11D3-BF4B-00C04F79EFBC}") = "TK064", "TK064\TK064.csproj", "{41EDEDC7-C8B4-4C4A-D5B0-B9816C251AB8}"
EndProject
Project("{FAE04EC0-301F-11D3-BF4B-00C04F79EFBC}") = "TK050", "TK050\TK050.csproj", "{6596AD7B-16BE-4DA8-3B08-5B7AE4ACC95C}"
EndProject
Project("{FAE04EC0-301F-11D3-BF4B-00C04F79EFBC}") = "TK012", "TK012\TK012.csproj", "{D9598DA8-EB24-F3AE-5B28-10F82AC9F2AF}"
EndProject
Project("{FAE04EC0-301F-11D3-BF4B-00C04F79EFBC}") = "TK008", "TK008\TK008.csproj", "{04F823E1-9152-7AFF-CECD-35158EDE237D}"
EndProject
Project("{FAE04EC0-301F-11D3-BF4B-00C04F79EFBC}") = "TK014", "TK014\TK014.csproj", "{EA9582BB-2A1F-E2F2-0388-5E6A651F31EA}"
EndProject
Project("{FAE04EC0-301F-11D3-BF4B-00C04F79EFBC}") = "TK052", "TK052\TK052.csproj", "{1465E2DB-B9E1-521D-DAA4-1108E05F00A6}"
EndProject
Project("{FAE04EC0-301F-11D3-BF4B-00C04F79EFBC}") = "TK013", "TK013\TK013.csproj", "{B70A4AD8-2FA0-0294-4749-1C3BB9959B24}"
EndProject
Project("{FAE04EC0-301F-11D3-BF4B-00C04F79EFBC}") = "TK028", "TK028\TK028.csproj", "{F06DCD9D-CFED-C866-3E1B-AD6A67F2DCBB}"
EndProject
Global
	GlobalSection(SolutionConfigurationPlatforms) = preSolution
		Debug|Any CPU = Debug|Any CPU
		Release|Any CPU = Release|Any CPU
	EndGlobalSection
	GlobalSection(ProjectConfigurationPlatforms) = postSolution
		{39FA2AD6-166F-4DAF-BC78-22BBBCA4885D}.Debug|Any CPU.ActiveCfg = Debug|Any CPU
		{39FA2AD6-166F-4DAF-BC78-22BBBCA4885D}.Debug|Any CPU.Build.0 = Debug|Any CPU
		{39FA2AD6-166F-4DAF-BC78-22BBBCA4885D}.Release|Any CPU.ActiveCfg = Release|Any CPU
		{39FA2AD6-166F-4DAF-BC78-22BBBCA4885D}.Release|Any CPU.Build.0 = Release|Any CPU
		{0BD3787F-2775-414B-A97F-0E58FD863FA4}.Debug|Any CPU.ActiveCfg = Debug|Any CPU
		{0BD3787F-2775-414B-A97F-0E58FD863FA4}.Debug|Any CPU.Build.0 = Debug|Any CPU
		{0BD3787F-2775-414B-A97F-0E58FD863FA4}.Release|Any CPU.ActiveCfg = Release|Any CPU
		{0BD3787F-2775-414B-A97F-0E58FD863FA4}.Release|Any CPU.Build.0 = Release|Any CPU
		{E2F2DA23-A086-4F46-9F50-EB97E191BE27}.Debug|Any CPU.ActiveCfg = Debug|Any CPU
		{E2F2DA23-A086-4F46-9F50-EB97E191BE27}.Debug|Any CPU.Build.0 = Debug|Any CPU
		{E2F2DA23-A086-4F46-9F50-EB97E191BE27}.Release|Any CPU.ActiveCfg = Release|Any CPU
		{E2F2DA23-A086-4F46-9F50-EB97E191BE27}.Release|Any CPU.Build.0 = Release|Any CPU
		{4B315EF9-7FD7-4B6A-91EA-C997636D3274}.Debug|Any CPU.ActiveCfg = Debug|Any CPU
		{4B315EF9-7FD7-4B6A-91EA-C997636D3274}.Debug|Any CPU.Build.0 = Debug|Any CPU
		{4B315EF9-7FD7-4B6A-91EA-C997636D3274}.Release|Any CPU.ActiveCfg = Release|Any CPU
		{4B315EF9-7FD7-4B6A-91EA-C997636D3274}.Release|Any CPU.Build.0 = Release|Any CPU
		{2035A7BC-27BE-4BE0-8D53-B4EF38152961}.Debug|Any CPU.ActiveCfg = Debug|Any CPU
		{2035A7BC-27BE-4BE0-8D53-B4EF38152961}.Debug|Any CPU.Build.0 = Debug|Any CPU
		{2035A7BC-27BE-4BE0-8D53-B4EF38152961}.Release|Any CPU.ActiveCfg = Release|Any CPU
		{2035A7BC-27BE-4BE0-8D53-B4EF38152961}.Release|Any CPU.Build.0 = Release|Any CPU
		{4CB0737D-DEA6-40E1-A1E9-5DC44A6D538F}.Debug|Any CPU.ActiveCfg = Debug|Any CPU
		{4CB0737D-DEA6-40E1-A1E9-5DC44A6D538F}.Debug|Any CPU.Build.0 = Debug|Any CPU
		{4CB0737D-DEA6-40E1-A1E9-5DC44A6D538F}.Release|Any CPU.ActiveCfg = Release|Any CPU
		{4CB0737D-DEA6-40E1-A1E9-5DC44A6D538F}.Release|Any CPU.Build.0 = Release|Any CPU
		{A9762B5E-44B7-47FF-B2FC-FC856E0BFA5C}.Debug|Any CPU.ActiveCfg = Debug|Any CPU
		{A9762B5E-44B7-47FF-B2FC-FC856E0BFA5C}.Debug|Any CPU.Build.0 = Debug|Any CPU
		{A9762B5E-44B7-47FF-B2FC-FC856E0BFA5C}.Release|Any CPU.ActiveCfg = Release|Any CPU
		{A9762B5E-44B7-47FF-B2FC-FC856E0BFA5C}.Release|Any CPU.Build.0 = Release|Any CPU
		{4C6162D3-828E-1590-0052-81608BF86E1C}.Debug|Any CPU.ActiveCfg = Debug|Any CPU
		{4C6162D3-828E-1590-0052-81608BF86E1C}.Debug|Any CPU.Build.0 = Debug|Any CPU
		{4C6162D3-828E-1590-0052-81608BF86E1C}.Release|Any CPU.ActiveCfg = Release|Any CPU
		{4C6162D3-828E-1590-0052-81608BF86E1C}.Release|Any CPU.Build.0 = Release|Any CPU
		{7A5ECB0D-5FB3-3E9A-8F0D-8476BDEC9169}.Debug|Any CPU.ActiveCfg = Debug|Any CPU
		{7A5ECB0D-5FB3-3E9A-8F0D-8476BDEC9169}.Debug|Any CPU.Build.0 = Debug|Any CPU
		{7A5ECB0D-5FB3-3E9A-8F0D-8476BDEC9169}.Release|Any CPU.ActiveCfg = Release|Any CPU
		{7A5ECB0D-5FB3-3E9A-8F0D-8476BDEC9169}.Release|Any CPU.Build.0 = Release|Any CPU
		{D890A5C4-8DC8-0E72-2AB6-7A832953C036}.Debug|Any CPU.ActiveCfg = Debug|Any CPU
		{D890A5C4-8DC8-0E72-2AB6-7A832953C036}.Debug|Any CPU.Build.0 = Debug|Any CPU
		{D890A5C4-8DC8-0E72-2AB6-7A832953C036}.Release|Any CPU.ActiveCfg = Release|Any CPU
		{D890A5C4-8DC8-0E72-2AB6-7A832953C036}.Release|Any CPU.Build.0 = Release|Any CPU
		{C04F1CA7-2359-BB8D-C0CF-59568ED6C4A7}.Debug|Any CPU.ActiveCfg = Debug|Any CPU
		{C04F1CA7-2359-BB8D-C0CF-59568ED6C4A7}.Debug|Any CPU.Build.0 = Debug|Any CPU
		{C04F1CA7-2359-BB8D-C0CF-59568ED6C4A7}.Release|Any CPU.ActiveCfg = Release|Any CPU
		{C04F1CA7-2359-BB8D-C0CF-59568ED6C4A7}.Release|Any CPU.Build.0 = Release|Any CPU
		{41EDEDC7-C8B4-4C4A-D5B0-B9816C251AB8}.Debug|Any CPU.ActiveCfg = Debug|Any CPU
		{41EDEDC7-C8B4-4C4A-D5B0-B9816C251AB8}.Debug|Any CPU.Build.0 = Debug|Any CPU
		{41EDEDC7-C8B4-4C4A-D5B0-B9816C251AB8}.Release|Any CPU.ActiveCfg = Release|Any CPU
		{41EDEDC7-C8B4-4C4A-D5B0-B9816C251AB8}.Release|Any CPU.Build.0 = Release|Any CPU
		{6596AD7B-16BE-4DA8-3B08-5B7AE4ACC95C}.Debug|Any CPU.ActiveCfg = Debug|Any CPU
		{6596AD7B-16BE-4DA8-3B08-5B7AE4ACC95C}.Debug|Any CPU.Build.0 = Debug|Any CPU
		{6596AD7B-16BE-4DA8-3B08-5B7AE4ACC95C}.Release|Any CPU.ActiveCfg = Release|Any CPU
		{6596AD7B-16BE-4DA8-3B08-5B7AE4ACC95C}.Release|Any CPU.Build.0 = Release|Any CPU
		{D9598DA8-EB24-F3AE-5B28-10F82AC9F2AF}.Debug|Any CPU.ActiveCfg = Debug|Any CPU
		{D9598DA8-EB24-F3AE-5B28-10F82AC9F2AF}.Debug|Any CPU.Build.0 = Debug|Any CPU
		{D9598DA8-EB24-F3AE-5B28-10F82AC9F2AF}.Release|Any CPU.ActiveCfg = Release|Any CPU
		{D9598DA8-EB24-F3AE-5B28-10F82AC9F2AF}.Release|Any CPU.Build.0 = Release|Any CPU
		{04F823E1-9152-7AFF-CECD-35158EDE237D}.Debug|Any CPU.ActiveCfg = Debug|Any CPU
		{04F823E1-9152-7AFF-CECD-35158EDE237D}.Debug|Any CPU.Build.0 = Debug|Any CPU
		{04F823E1-9152-7AFF-CECD-35158EDE237D}.Release|Any CPU.ActiveCfg = Release|Any CPU
		{04F823E1-9152-7AFF-CECD-35158EDE237D}.Release|Any CPU.Build.0 = Release|Any CPU
		{EA9582BB-2A1F-E2F2-0388-5E6A651F31EA}.Debug|Any CPU.ActiveCfg = Debug|Any CPU
		{EA9582BB-2A1F-E2F2-0388-5E6A651F31EA}.Debug|Any CPU.Build.0 = Debug|Any CPU
		{EA9582BB-2A1F-E2F2-0388-5E6A651F31EA}.Release|Any CPU.ActiveCfg = Release|Any CPU
		{EA9582BB-2A1F-E2F2-0388-5E6A651F31EA}.Release|Any CPU.Build.0 = Release|Any CPU
		{1465E2DB-B9E1-521D-DAA4-1108E05F00A6}.Debug|Any CPU.ActiveCfg = Debug|Any CPU
		{1465E2DB-B9E1-521D-DAA4-1108E05F00A6}.Debug|Any CPU.Build.0 = Debug|Any CPU
		{1465E2DB-B9E1-521D-DAA4-1108E05F00A6}.Release|Any CPU.ActiveCfg = Release|Any CPU
		{1465E2DB-B9E1-521D-DAA4-1108E05F00A6}.Release|Any CPU.Build.0 = Release|Any CPU
		{B70A4AD8-2FA0-0294-4749-1C3BB9959B24}.Debug|Any CPU.ActiveCfg = Debug|Any CPU
		{B70A4AD8-2FA0-0294-4749-1C3BB9959B24}.Debug|Any CPU.Build.0 = Debug|Any CPU
		{B70A4AD8-2FA0-0294-4749-1C3BB9959B24}.Release|Any CPU.ActiveCfg = Release|Any CPU
		{B70A4AD8-2FA0-0294-4749-1C3BB9959B24}.Release|Any CPU.Build.0 = Release|Any CPU
		{F06DCD9D-CFED-C866-3E1B-AD6A67F2DCBB}.Debug|Any CPU.ActiveCfg = Debug|Any CPU
		{F06DCD9D-CFED-C866-3E1B-AD6A67F2DCBB}.Debug|Any CPU.Build.0 = Debug|Any CPU
		{F06DCD9D-CFED-C866-3E1B-AD6A67F2DCBB}.Release|Any CPU.ActiveCfg = Release|Any CPU
		{F06DCD9D-CFED-C866-3E1B-AD6A67F2DCBB}.Release|Any CPU.Build.0 = Release|Any CPU
	EndGlobalSection
	GlobalSection(SolutionProperties) = preSolution
		HideSolutionNode = FALSE
	EndGlobalSection
	GlobalSection(ExtensibilityGlobals) = postSolution
		SolutionGuid = {E1B439D4-F733-4F42-B3FE-D6E387B250A7}
	EndGlobalSection
EndGlobal
