Microsoft Visual Studio Solution File, Format Version 12.00
# Visual Studio Version 17
VisualStudioVersion = 17.5.2.0
MinimumVisualStudioVersion = 10.0.40219.1
Project("{9A19103F-16F7-4668-BE54-9A1E7A4F7556}") = "MyLibrary", "..\Library\MyLibrary.csproj", "{39FA2AD6-166F-4DAF-BC78-22BBBCA4885D}"
EndProject
Project("{9A19103F-16F7-4668-BE54-9A1E7A4F7556}") = "TK061", "TK061\TK061.csproj", "{0BD3787F-2775-414B-A97F-0E58FD863FA4}"
EndProject
Project("{9A19103F-16F7-4668-BE54-9A1E7A4F7556}") = "TK024", "TK024\TK024.csproj", "{E2F2DA23-A086-4F46-9F50-EB97E191BE27}"
EndProject
Project("{9A19103F-16F7-4668-BE54-9A1E7A4F7556}") = "TK002", "TK002\TK002.csproj", "{4B315EF9-7FD7-4B6A-91EA-C997636D3274}"
EndProject
Project("{9A19103F-16F7-4668-BE54-9A1E7A4F7556}") = "TK004", "TK004\TK004.csproj", "{2035A7BC-27BE-4BE0-8D53-B4EF38152961}"
EndProject
Project("{9A19103F-16F7-4668-BE54-9A1E7A4F7556}") = "TK038", "TK038\TK038.csproj", "{4CB0737D-DEA6-40E1-A1E9-5DC44A6D538F}"
EndProject
Project("{9A19103F-16F7-4668-BE54-9A1E7A4F7556}") = "TK027", "TK027\TK027.csproj", "{A9762B5E-44B7-47FF-B2FC-FC856E0BFA5C}"
EndProject
Project("{FAE04EC0-301F-11D3-BF4B-00C04F79EFBC}") = "TK042", "TK042\TK042.csproj", "{4C6162D3-828E-1590-0052-81608BF86E1C}"
EndProject
Project("{FAE04EC0-301F-11D3-BF4B-00C04F79EFBC}") = "TK078", "TK078\TK078.csproj", "{7A5ECB0D-5FB3-3E9A-8F0D-8476BDEC9169}"
EndProject
Global
	GlobalSection(SolutionConfigurationPlatforms) = preSolution
		Debug|Any CPU = Debug|Any CPU
		Release|Any CPU = Release|Any CPU
	EndGlobalSection
	GlobalSection(ProjectConfigurationPlatforms) = postSolution
		{39FA2AD6-166F-4DAF-BC78-22BBBCA4885D}.Debug|Any CPU.ActiveCfg = Debug|Any CPU
		{39FA2AD6-166F-4DAF-BC78-22BBBCA4885D}.Debug|Any CPU.Build.0 = Debug|Any CPU
		{39FA2AD6-166F-4DAF-BC78-22BBBCA4885D}.Release|Any CPU.ActiveCfg = Release|Any CPU
		{39FA2AD6-166F-4DAF-BC78-22BBBCA4885D}.Release|Any CPU.Build.0 = Release|Any CPU
		{0BD3787F-2775-414B-A97F-0E58FD863FA4}.Debug|Any CPU.ActiveCfg = Debug|Any CPU
		{0BD3787F-2775-414B-A97F-0E58FD863FA4}.Debug|Any CPU.Build.0 = Debug|Any CPU
		{0BD3787F-2775-414B-A97F-0E58FD863FA4}.Release|Any CPU.ActiveCfg = Release|Any CPU
		{0BD3787F-2775-414B-A97F-0E58FD863FA4}.Release|Any CPU.Build.0 = Release|Any CPU
		{E2F2DA23-A086-4F46-9F50-EB97E191BE27}.Debug|Any CPU.ActiveCfg = Debug|Any CPU
		{E2F2DA23-A086-4F46-9F50-EB97E191BE27}.Debug|Any CPU.Build.0 = Debug|Any CPU
		{E2F2DA23-A086-4F46-9F50-EB97E191BE27}.Release|Any CPU.ActiveCfg = Release|Any CPU
		{E2F2DA23-A086-4F46-9F50-EB97E191BE27}.Release|Any CPU.Build.0 = Release|Any CPU
		{4B315EF9-7FD7-4B6A-91EA-C997636D3274}.Debug|Any CPU.ActiveCfg = Debug|Any CPU
		{4B315EF9-7FD7-4B6A-91EA-C997636D3274}.Debug|Any CPU.Build.0 = Debug|Any CPU
		{4B315EF9-7FD7-4B6A-91EA-C997636D3274}.Release|Any CPU.ActiveCfg = Release|Any CPU
		{4B315EF9-7FD7-4B6A-91EA-C997636D3274}.Release|Any CPU.Build.0 = Release|Any CPU
		{2035A7BC-27BE-4BE0-8D53-B4EF38152961}.Debug|Any CPU.ActiveCfg = Debug|Any CPU
		{2035A7BC-27BE-4BE0-8D53-B4EF38152961}.Debug|Any CPU.Build.0 = Debug|Any CPU
		{2035A7BC-27BE-4BE0-8D53-B4EF38152961}.Release|Any CPU.ActiveCfg = Release|Any CPU
		{2035A7BC-27BE-4BE0-8D53-B4EF38152961}.Release|Any CPU.Build.0 = Release|Any CPU
		{4CB0737D-DEA6-40E1-A1E9-5DC44A6D538F}.Debug|Any CPU.ActiveCfg = Debug|Any CPU
		{4CB0737D-DEA6-40E1-A1E9-5DC44A6D538F}.Debug|Any CPU.Build.0 = Debug|Any CPU
		{4CB0737D-DEA6-40E1-A1E9-5DC44A6D538F}.Release|Any CPU.ActiveCfg = Release|Any CPU
		{4CB0737D-DEA6-40E1-A1E9-5DC44A6D538F}.Release|Any CPU.Build.0 = Release|Any CPU
		{A9762B5E-44B7-47FF-B2FC-FC856E0BFA5C}.Debug|Any CPU.ActiveCfg = Debug|Any CPU
		{A9762B5E-44B7-47FF-B2FC-FC856E0BFA5C}.Debug|Any CPU.Build.0 = Debug|Any CPU
		{A9762B5E-44B7-47FF-B2FC-FC856E0BFA5C}.Release|Any CPU.ActiveCfg = Release|Any CPU
		{A9762B5E-44B7-47FF-B2FC-FC856E0BFA5C}.Release|Any CPU.Build.0 = Release|Any CPU
		{4C6162D3-828E-1590-0052-81608BF86E1C}.Debug|Any CPU.ActiveCfg = Debug|Any CPU
		{4C6162D3-828E-1590-0052-81608BF86E1C}.Debug|Any CPU.Build.0 = Debug|Any CPU
		{4C6162D3-828E-1590-0052-81608BF86E1C}.Release|Any CPU.ActiveCfg = Release|Any CPU
		{4C6162D3-828E-1590-0052-81608BF86E1C}.Release|Any CPU.Build.0 = Release|Any CPU
		{7A5ECB0D-5FB3-3E9A-8F0D-8476BDEC9169}.Debug|Any CPU.ActiveCfg = Debug|Any CPU
		{7A5ECB0D-5FB3-3E9A-8F0D-8476BDEC9169}.Debug|Any CPU.Build.0 = Debug|Any CPU
		{7A5ECB0D-5FB3-3E9A-8F0D-8476BDEC9169}.Release|Any CPU.ActiveCfg = Release|Any CPU
		{7A5ECB0D-5FB3-3E9A-8F0D-8476BDEC9169}.Release|Any CPU.Build.0 = Release|Any CPU
	EndGlobalSection
	GlobalSection(SolutionProperties) = preSolution
		HideSolutionNode = FALSE
	EndGlobalSection
	GlobalSection(ExtensibilityGlobals) = postSolution
		SolutionGuid = {E1B439D4-F733-4F42-B3FE-D6E387B250A7}
	EndGlobalSection
EndGlobal
