Microsoft Visual Studio Solution File, Format Version 12.00
# Visual Studio Version 17
VisualStudioVersion = 17.5.2.0
MinimumVisualStudioVersion = 10.0.40219.1
Project("{9A19103F-16F7-4668-BE54-9A1E7A4F7556}") = "MyLibrary", "..\Library\MyLibrary.csproj", "{39FA2AD6-166F-4DAF-BC78-22BBBCA4885D}"
EndProject
Project("{9A19103F-16F7-4668-BE54-9A1E7A4F7556}") = "ManyAB", "ManyAB\ManyAB.csproj", "{1CFBA207-B17E-4E2C-B013-4377AAE3BC46}"
EndProject
Project("{9A19103F-16F7-4668-BE54-9A1E7A4F7556}") = "ManyAB128", "ManyAB128\ManyAB128.csproj", "{23DE3CC0-E8A0-4535-96EC-05AC581096CF}"
EndProject
Project("{9A19103F-16F7-4668-BE54-9A1E7A4F7556}") = "UnionFind", "UnionFind\UnionFind.csproj", "{0EC1961C-F26F-4DFD-8283-531E94B53A6A}"
EndProject
Project("{9A19103F-16F7-4668-BE54-9A1E7A4F7556}") = "UnionFindWithPotential", "UnionFindWithPotential\UnionFindWithPotential.csproj", "{663D9A6B-43A6-44B2-9E9B-904E6A409D85}"
EndProject
Project("{9A19103F-16F7-4668-BE54-9A1E7A4F7556}") = "StaticRangeSum", "StaticRangeSum\StaticRangeSum.csproj", "{32A5B290-B04F-43C3-BFD8-A81873185E5B}"
EndProject
Project("{9A19103F-16F7-4668-BE54-9A1E7A4F7556}") = "AssociativeArray", "AssociativeArray\AssociativeArray.csproj", "{B6B79EF8-D6FD-4F4C-A48B-DD44F0D5A476}"
EndProject
Project("{9A19103F-16F7-4668-BE54-9A1E7A4F7556}") = "EnumerateQuotients", "EnumerateQuotients\EnumerateQuotients.csproj", "{3A490782-366E-4E42-93AB-A6E05C212649}"
EndProject
Project("{9A19103F-16F7-4668-BE54-9A1E7A4F7556}") = "PrimalityTest", "PrimalityTest\PrimalityTest.csproj", "{37759B0E-7C6D-4299-8E53-062415F0297E}"
EndProject
Global
	GlobalSection(SolutionConfigurationPlatforms) = preSolution
		Debug|Any CPU = Debug|Any CPU
		Release|Any CPU = Release|Any CPU
	EndGlobalSection
	GlobalSection(ProjectConfigurationPlatforms) = postSolution
		{39FA2AD6-166F-4DAF-BC78-22BBBCA4885D}.Debug|Any CPU.ActiveCfg = Debug|Any CPU
		{39FA2AD6-166F-4DAF-BC78-22BBBCA4885D}.Debug|Any CPU.Build.0 = Debug|Any CPU
		{39FA2AD6-166F-4DAF-BC78-22BBBCA4885D}.Release|Any CPU.ActiveCfg = Release|Any CPU
		{39FA2AD6-166F-4DAF-BC78-22BBBCA4885D}.Release|Any CPU.Build.0 = Release|Any CPU
		{1CFBA207-B17E-4E2C-B013-4377AAE3BC46}.Debug|Any CPU.ActiveCfg = Debug|Any CPU
		{1CFBA207-B17E-4E2C-B013-4377AAE3BC46}.Debug|Any CPU.Build.0 = Debug|Any CPU
		{1CFBA207-B17E-4E2C-B013-4377AAE3BC46}.Release|Any CPU.ActiveCfg = Release|Any CPU
		{1CFBA207-B17E-4E2C-B013-4377AAE3BC46}.Release|Any CPU.Build.0 = Release|Any CPU
		{23DE3CC0-E8A0-4535-96EC-05AC581096CF}.Debug|Any CPU.ActiveCfg = Debug|Any CPU
		{23DE3CC0-E8A0-4535-96EC-05AC581096CF}.Debug|Any CPU.Build.0 = Debug|Any CPU
		{23DE3CC0-E8A0-4535-96EC-05AC581096CF}.Release|Any CPU.ActiveCfg = Release|Any CPU
		{23DE3CC0-E8A0-4535-96EC-05AC581096CF}.Release|Any CPU.Build.0 = Release|Any CPU
		{0EC1961C-F26F-4DFD-8283-531E94B53A6A}.Debug|Any CPU.ActiveCfg = Debug|Any CPU
		{0EC1961C-F26F-4DFD-8283-531E94B53A6A}.Debug|Any CPU.Build.0 = Debug|Any CPU
		{0EC1961C-F26F-4DFD-8283-531E94B53A6A}.Release|Any CPU.ActiveCfg = Release|Any CPU
		{0EC1961C-F26F-4DFD-8283-531E94B53A6A}.Release|Any CPU.Build.0 = Release|Any CPU
		{663D9A6B-43A6-44B2-9E9B-904E6A409D85}.Debug|Any CPU.ActiveCfg = Debug|Any CPU
		{663D9A6B-43A6-44B2-9E9B-904E6A409D85}.Debug|Any CPU.Build.0 = Debug|Any CPU
		{663D9A6B-43A6-44B2-9E9B-904E6A409D85}.Release|Any CPU.ActiveCfg = Release|Any CPU
		{663D9A6B-43A6-44B2-9E9B-904E6A409D85}.Release|Any CPU.Build.0 = Release|Any CPU
		{32A5B290-B04F-43C3-BFD8-A81873185E5B}.Debug|Any CPU.ActiveCfg = Debug|Any CPU
		{32A5B290-B04F-43C3-BFD8-A81873185E5B}.Debug|Any CPU.Build.0 = Debug|Any CPU
		{32A5B290-B04F-43C3-BFD8-A81873185E5B}.Release|Any CPU.ActiveCfg = Release|Any CPU
		{32A5B290-B04F-43C3-BFD8-A81873185E5B}.Release|Any CPU.Build.0 = Release|Any CPU
		{B6B79EF8-D6FD-4F4C-A48B-DD44F0D5A476}.Debug|Any CPU.ActiveCfg = Debug|Any CPU
		{B6B79EF8-D6FD-4F4C-A48B-DD44F0D5A476}.Debug|Any CPU.Build.0 = Debug|Any CPU
		{B6B79EF8-D6FD-4F4C-A48B-DD44F0D5A476}.Release|Any CPU.ActiveCfg = Release|Any CPU
		{B6B79EF8-D6FD-4F4C-A48B-DD44F0D5A476}.Release|Any CPU.Build.0 = Release|Any CPU
		{3A490782-366E-4E42-93AB-A6E05C212649}.Debug|Any CPU.ActiveCfg = Debug|Any CPU
		{3A490782-366E-4E42-93AB-A6E05C212649}.Debug|Any CPU.Build.0 = Debug|Any CPU
		{3A490782-366E-4E42-93AB-A6E05C212649}.Release|Any CPU.ActiveCfg = Release|Any CPU
		{3A490782-366E-4E42-93AB-A6E05C212649}.Release|Any CPU.Build.0 = Release|Any CPU
		{37759B0E-7C6D-4299-8E53-062415F0297E}.Debug|Any CPU.ActiveCfg = Debug|Any CPU
		{37759B0E-7C6D-4299-8E53-062415F0297E}.Debug|Any CPU.Build.0 = Debug|Any CPU
		{37759B0E-7C6D-4299-8E53-062415F0297E}.Release|Any CPU.ActiveCfg = Release|Any CPU
		{37759B0E-7C6D-4299-8E53-062415F0297E}.Release|Any CPU.Build.0 = Release|Any CPU
	EndGlobalSection
	GlobalSection(SolutionProperties) = preSolution
		HideSolutionNode = FALSE
	EndGlobalSection
	GlobalSection(ExtensibilityGlobals) = postSolution
		SolutionGuid = {E1B439D4-F733-4F42-B3FE-D6E387B250A7}
	EndGlobalSection
EndGlobal
